
Microsoft Visual Studio Solution File, Format Version 12.00
# Visual Studio Version 16
VisualStudioVersion = 16.0.30717.126
MinimumVisualStudioVersion = 10.0.40219.1
Project("{FAE04EC0-301F-11D3-BF4B-00C04F79EFBC}") = "ucgen bul", "ucgen bul\ucgen bul.csproj", "{B9D895A7-FBC1-4BCB-819E-B17C7DDC3047}"
EndProject
Global
	GlobalSection(SolutionConfigurationPlatforms) = preSolution
		Debug|Any CPU = Debug|Any CPU
		Release|Any CPU = Release|Any CPU
	EndGlobalSection
	GlobalSection(ProjectConfigurationPlatforms) = postSolution
		{B9D895A7-FBC1-4BCB-819E-B17C7DDC3047}.Debug|Any CPU.ActiveCfg = Debug|Any CPU
		{B9D895A7-FBC1-4BCB-819E-B17C7DDC3047}.Debug|Any CPU.Build.0 = Debug|Any CPU
		{B9D895A7-FBC1-4BCB-819E-B17C7DDC3047}.Release|Any CPU.ActiveCfg = Release|Any CPU
		{B9D895A7-FBC1-4BCB-819E-B17C7DDC3047}.Release|Any CPU.Build.0 = Release|Any CPU
	EndGlobalSection
	GlobalSection(SolutionProperties) = preSolution
		HideSolutionNode = FALSE
	EndGlobalSection
	GlobalSection(ExtensibilityGlobals) = postSolution
		SolutionGuid = {B91FD60F-2560-46D0-BB1C-F3B3CFBAE1B3}
	EndGlobalSection
EndGlobal
